github.com/buger/goterm v1.0.0 h1:ZB6uUlY8+sjJyFGzz2WpRqX2XYPeXVgtZAOJMwOsTWM=
github.com/buger/goterm v1.0.0/go.mod h1:16STi3LquiscTIHA8SXUNKEa/Cnu4ZHBH8NsCaWgso0=
github.com/fsnotify/fsnotify v1.4.9 h1:hsms1Qyu0jgnwNXIxa+/V/PDsU6CfLf6CNO8H7IWoS4=
github.com/fsnotify/fsnotify v1.4.9/go.mod h1:znqG4EE+3YCdAaPaxE2ZRY/06pZUdp0tY4IgpuI1SZQ=
golang.org/x/sys v0.0.0-20191005200804-aed5e4c7ecf9/go.mod h1:h1NjWce9XRLGQEsW7wpKNCjG9DtNlClVuFLEZdDNbEs=
golang.org/x/sys v0.0.0-20210331175145-43e1dd70ce54/go.mod h1:h1NjWce9XRLGQEsW7wpKNCjG9DtNlClVuFLEZdDNbEs=
golang.org/x/sys v0.0.0-20210507161434-a76c4d0a0096 h1:5PbJGn5Sp3GEUjJ61aYbUP6RIo3Z3r2E4Tv9y2z8UHo=
golang.org/x/sys v0.0.0-20210507161434-a76c4d0a0096/go.mod h1:oPkhp1MJrh7nUepCBck5+mAzfO9JrbApNNgaTdGDITg=
